// !$*UTF8*$!
{
	archiveVersion = 1;
	classes = {
	};
	objectVersion = 56;
	objects = {

/* Begin PBXBuildFile section */
		5779BA5E2A4A92F000499FA6 /* CustomCorners.swift in Sources */ = {isa = PBXBuildFile; fileRef = 5779BA5D2A4A92F000499FA6 /* CustomCorners.swift */; };
		57D94A432A4194320014A8D6 /* Animation_ChallengeApp.swift in Sources */ = {isa = PBXBuildFile; fileRef = 57D94A422A4194320014A8D6 /* Animation_ChallengeApp.swift */; };
		57D94A452A4194320014A8D6 /* ContentView.swift in Sources */ = {isa = PBXBuildFile; fileRef = 57D94A442A4194320014A8D6 /* ContentView.swift */; };
		57D94A472A4194330014A8D6 /* Assets.xcassets in Resources */ = {isa = PBXBuildFile; fileRef = 57D94A462A4194330014A8D6 /* Assets.xcassets */; };
		57D94A4A2A4194330014A8D6 /* Preview Assets.xcassets in Resources */ = {isa = PBXBuildFile; fileRef = 57D94A492A4194330014A8D6 /* Preview Assets.xcassets */; };
		57D94A542A4194340014A8D6 /* Animation_ChallengeTests.swift in Sources */ = {isa = PBXBuildFile; fileRef = 57D94A532A4194340014A8D6 /* Animation_ChallengeTests.swift */; };
		57D94A5E2A4194340014A8D6 /* Animation_ChallengeUITests.swift in Sources */ = {isa = PBXBuildFile; fileRef = 57D94A5D2A4194340014A8D6 /* Animation_ChallengeUITests.swift */; };
		57D94A602A4194340014A8D6 /* Animation_ChallengeUITestsLaunchTests.swift in Sources */ = {isa = PBXBuildFile; fileRef = 57D94A5F2A4194340014A8D6 /* Animation_ChallengeUITestsLaunchTests.swift */; };
		57D94A6E2A4194A20014A8D6 /* Home.swift in Sources */ = {isa = PBXBuildFile; fileRef = 57D94A6D2A4194A20014A8D6 /* Home.swift */; };
		57D94A712A41B1030014A8D6 /* HomeViewModel.swift in Sources */ = {isa = PBXBuildFile; fileRef = 57D94A702A41B1030014A8D6 /* HomeViewModel.swift */; };
/* End PBXBuildFile section */

/* Begin PBXContainerItemProxy section */
		57D94A502A4194340014A8D6 /* PBXContainerItemProxy */ = {
			isa = PBXContainerItemProxy;
			containerPortal = 57D94A372A4194320014A8D6 /* Project object */;
			proxyType = 1;
			remoteGlobalIDString = 57D94A3E2A4194320014A8D6;
			remoteInfo = "Animation Challenge";
		};
		57D94A5A2A4194340014A8D6 /* PBXContainerItemProxy */ = {
			isa = PBXContainerItemProxy;
			containerPortal = 57D94A372A4194320014A8D6 /* Project object */;
			proxyType = 1;
			remoteGlobalIDString = 57D94A3E2A4194320014A8D6;
			remoteInfo = "Animation Challenge";
		};
/* End PBXContainerItemProxy section */

/* Begin PBXFileReference section */
		5779BA5D2A4A92F000499FA6 /* CustomCorners.swift */ = {isa = PBXFileReference; lastKnownFileType = sourcecode.swift; path = CustomCorners.swift; sourceTree = "<group>"; };
		57D94A3F2A4194320014A8D6 /* Animation Challenge.app */ = {isa = PBXFileReference; explicitFileType = wrapper.application; includeInIndex = 0; path = "Animation Challenge.app"; sourceTree = BUILT_PRODUCTS_DIR; };
		57D94A422A4194320014A8D6 /* Animation_ChallengeApp.swift */ = {isa = PBXFileReference; lastKnownFileType = sourcecode.swift; path = Animation_ChallengeApp.swift; sourceTree = "<group>"; };
		57D94A442A4194320014A8D6 /* ContentView.swift */ = {isa = PBXFileReference; lastKnownFileType = sourcecode.swift; path = ContentView.swift; sourceTree = "<group>"; };
		57D94A462A4194330014A8D6 /* Assets.xcassets */ = {isa = PBXFileReference; lastKnownFileType = folder.assetcatalog; path = Assets.xcassets; sourceTree = "<group>"; };
		57D94A492A4194330014A8D6 /* Preview Assets.xcassets */ = {isa = PBXFileReference; lastKnownFileType = folder.assetcatalog; path = "Preview Assets.xcassets"; sourceTree = "<group>"; };
		57D94A4F2A4194340014A8D6 /* Animation ChallengeTests.xctest */ = {isa = PBXFileReference; explicitFileType = wrapper.cfbundle; includeInIndex = 0; path = "Animation ChallengeTests.xctest"; sourceTree = BUILT_PRODUCTS_DIR; };
		57D94A532A4194340014A8D6 /* Animation_ChallengeTests.swift */ = {isa = PBXFileReference; lastKnownFileType = sourcecode.swift; path = Animation_ChallengeTests.swift; sourceTree = "<group>"; };
		57D94A592A4194340014A8D6 /* Animation ChallengeUITests.xctest */ = {isa = PBXFileReference; explicitFileType = wrapper.cfbundle; includeInIndex = 0; path = "Animation ChallengeUITests.xctest"; sourceTree = BUILT_PRODUCTS_DIR; };
		57D94A5D2A4194340014A8D6 /* Animation_ChallengeUITests.swift */ = {isa = PBXFileReference; lastKnownFileType = sourcecode.swift; path = Animation_ChallengeUITests.swift; sourceTree = "<group>"; };
		57D94A5F2A4194340014A8D6 /* Animation_ChallengeUITestsLaunchTests.swift */ = {isa = PBXFileReference; lastKnownFileType = sourcecode.swift; path = Animation_ChallengeUITestsLaunchTests.swift; sourceTree = "<group>"; };
		57D94A6D2A4194A20014A8D6 /* Home.swift */ = {isa = PBXFileReference; lastKnownFileType = sourcecode.swift; path = Home.swift; sourceTree = "<group>"; };
		57D94A702A41B1030014A8D6 /* HomeViewModel.swift */ = {isa = PBXFileReference; lastKnownFileType = sourcecode.swift; path = HomeViewModel.swift; sourceTree = "<group>"; };
/* End PBXFileReference section */

/* Begin PBXFrameworksBuildPhase section */
		57D94A3C2A4194320014A8D6 /* Frameworks */ = {
			isa = PBXFrameworksBuildPhase;
			buildActionMask = 2147483647;
			files = (
			);
			runOnlyForDeploymentPostprocessing = 0;
		};
		57D94A4C2A4194340014A8D6 /* Frameworks */ = {
			isa = PBXFrameworksBuildPhase;
			buildActionMask = 2147483647;
			files = (
			);
			runOnlyForDeploymentPostprocessing = 0;
		};
		57D94A562A4194340014A8D6 /* Frameworks */ = {
			isa = PBXFrameworksBuildPhase;
			buildActionMask = 2147483647;
			files = (
			);
			runOnlyForDeploymentPostprocessing = 0;
		};
/* End PBXFrameworksBuildPhase section */

/* Begin PBXGroup section */
		57D94A362A4194320014A8D6 = {
			isa = PBXGroup;
			children = (
				57D94A412A4194320014A8D6 /* Animation Challenge */,
				57D94A522A4194340014A8D6 /* Animation ChallengeTests */,
				57D94A5C2A4194340014A8D6 /* Animation ChallengeUITests */,
				57D94A402A4194320014A8D6 /* Products */,
			);
			sourceTree = "<group>";
		};
		57D94A402A4194320014A8D6 /* Products */ = {
			isa = PBXGroup;
			children = (
				57D94A3F2A4194320014A8D6 /* Animation Challenge.app */,
				57D94A4F2A4194340014A8D6 /* Animation ChallengeTests.xctest */,
				57D94A592A4194340014A8D6 /* Animation ChallengeUITests.xctest */,
			);
			name = Products;
			sourceTree = "<group>";
		};
		57D94A412A4194320014A8D6 /* Animation Challenge */ = {
			isa = PBXGroup;
			children = (
				57D94A6F2A41A22F0014A8D6 /* ViewModel */,
				57D94A6C2A41947B0014A8D6 /* View */,
				57D94A422A4194320014A8D6 /* Animation_ChallengeApp.swift */,
				57D94A442A4194320014A8D6 /* ContentView.swift */,
				57D94A462A4194330014A8D6 /* Assets.xcassets */,
				57D94A482A4194330014A8D6 /* Preview Content */,
			);
			path = "Animation Challenge";
			sourceTree = "<group>";
		};
		57D94A482A4194330014A8D6 /* Preview Content */ = {
			isa = PBXGroup;
			children = (
				57D94A492A4194330014A8D6 /* Preview Assets.xcassets */,
			);
			path = "Preview Content";
			sourceTree = "<group>";
		};
		57D94A522A4194340014A8D6 /* Animation ChallengeTests */ = {
			isa = PBXGroup;
			children = (
				57D94A532A4194340014A8D6 /* Animation_ChallengeTests.swift */,
			);
			path = "Animation ChallengeTests";
			sourceTree = "<group>";
		};
		57D94A5C2A4194340014A8D6 /* Animation ChallengeUITests */ = {
			isa = PBXGroup;
			children = (
				57D94A5D2A4194340014A8D6 /* Animation_ChallengeUITests.swift */,
				57D94A5F2A4194340014A8D6 /* Animation_ChallengeUITestsLaunchTests.swift */,
			);
			path = "Animation ChallengeUITests";
			sourceTree = "<group>";
		};
		57D94A6C2A41947B0014A8D6 /* View */ = {
			isa = PBXGroup;
			children = (
				57D94A6D2A4194A20014A8D6 /* Home.swift */,
				5779BA5D2A4A92F000499FA6 /* CustomCorners.swift */,
			);
			path = View;
			sourceTree = "<group>";
		};
		57D94A6F2A41A22F0014A8D6 /* ViewModel */ = {
			isa = PBXGroup;
			children = (
				57D94A702A41B1030014A8D6 /* HomeViewModel.swift */,
			);
			path = ViewModel;
			sourceTree = "<group>";
		};
/* End PBXGroup section */

/* Begin PBXNativeTarget section */
		57D94A3E2A4194320014A8D6 /* Animation Challenge */ = {
			isa = PBXNativeTarget;
			buildConfigurationList = 57D94A632A4194340014A8D6 /* Build configuration list for PBXNativeTarget "Animation Challenge" */;
			buildPhases = (
				57D94A3B2A4194320014A8D6 /* Sources */,
				57D94A3C2A4194320014A8D6 /* Frameworks */,
				57D94A3D2A4194320014A8D6 /* Resources */,
			);
			buildRules = (
			);
			dependencies = (
			);
			name = "Animation Challenge";
			productName = "Animation Challenge";
			productReference = 57D94A3F2A4194320014A8D6 /* Animation Challenge.app */;
			productType = "com.apple.product-type.application";
		};
		57D94A4E2A4194340014A8D6 /* Animation ChallengeTests */ = {
			isa = PBXNativeTarget;
			buildConfigurationList = 57D94A662A4194340014A8D6 /* Build configuration list for PBXNativeTarget "Animation ChallengeTests" */;
			buildPhases = (
				57D94A4B2A4194340014A8D6 /* Sources */,
				57D94A4C2A4194340014A8D6 /* Frameworks */,
				57D94A4D2A4194340014A8D6 /* Resources */,
			);
			buildRules = (
			);
			dependencies = (
				57D94A512A4194340014A8D6 /* PBXTargetDependency */,
			);
			name = "Animation ChallengeTests";
			productName = "Animation ChallengeTests";
			productReference = 57D94A4F2A4194340014A8D6 /* Animation ChallengeTests.xctest */;
			productType = "com.apple.product-type.bundle.unit-test";
		};
		57D94A582A4194340014A8D6 /* Animation ChallengeUITests */ = {
			isa = PBXNativeTarget;
			buildConfigurationList = 57D94A692A4194340014A8D6 /* Build configuration list for PBXNativeTarget "Animation ChallengeUITests" */;
			buildPhases = (
				57D94A552A4194340014A8D6 /* Sources */,
				57D94A562A4194340014A8D6 /* Frameworks */,
				57D94A572A4194340014A8D6 /* Resources */,
			);
			buildRules = (
			);
			dependencies = (
				57D94A5B2A4194340014A8D6 /* PBXTargetDependency */,
			);
			name = "Animation ChallengeUITests";
			productName = "Animation ChallengeUITests";
			productReference = 57D94A592A4194340014A8D6 /* Animation ChallengeUITests.xctest */;
			productType = "com.apple.product-type.bundle.ui-testing";
		};
/* End PBXNativeTarget section */

/* Begin PBXProject section */
		57D94A372A4194320014A8D6 /* Project object */ = {
			isa = PBXProject;
			attributes = {
				BuildIndependentTargetsInParallel = 1;
				LastSwiftUpdateCheck = 1410;
				LastUpgradeCheck = 1410;
				TargetAttributes = {
					57D94A3E2A4194320014A8D6 = {
						CreatedOnToolsVersion = 14.1;
					};
					57D94A4E2A4194340014A8D6 = {
						CreatedOnToolsVersion = 14.1;
						TestTargetID = 57D94A3E2A4194320014A8D6;
					};
					57D94A582A4194340014A8D6 = {
						CreatedOnToolsVersion = 14.1;
						TestTargetID = 57D94A3E2A4194320014A8D6;
					};
				};
			};
			buildConfigurationList = 57D94A3A2A4194320014A8D6 /* Build configuration list for PBXProject "Animation Challenge" */;
			compatibilityVersion = "Xcode 14.0";
			developmentRegion = en;
			hasScannedForEncodings = 0;
			knownRegions = (
				en,
				Base,
			);
			mainGroup = 57D94A362A4194320014A8D6;
			productRefGroup = 57D94A402A4194320014A8D6 /* Products */;
			projectDirPath = "";
			projectRoot = "";
			targets = (
				57D94A3E2A4194320014A8D6 /* Animation Challenge */,
				57D94A4E2A4194340014A8D6 /* Animation ChallengeTests */,
				57D94A582A4194340014A8D6 /* Animation ChallengeUITests */,
			);
		};
/* End PBXProject section */

/* Begin PBXResourcesBuildPhase section */
		57D94A3D2A4194320014A8D6 /* Resources */ = {
			isa = PBXResourcesBuildPhase;
			buildActionMask = 2147483647;
			files = (
				57D94A4A2A4194330014A8D6 /* Preview Assets.xcassets in Resources */,
				57D94A472A4194330014A8D6 /* Assets.xcassets in Resources */,
			);
			runOnlyForDeploymentPostprocessing = 0;
		};
		57D94A4D2A4194340014A8D6 /* Resources */ = {
			isa = PBXResourcesBuildPhase;
			buildActionMask = 2147483647;
			files = (
			);
			runOnlyForDeploymentPostprocessing = 0;
		};
		57D94A572A4194340014A8D6 /* Resources */ = {
			isa = PBXResourcesBuildPhase;
			buildActionMask = 2147483647;
			files = (
			);
			runOnlyForDeploymentPostprocessing = 0;
		};
/* End PBXResourcesBuildPhase section */

/* Begin PBXSourcesBuildPhase section */
		57D94A3B2A4194320014A8D6 /* Sources */ = {
			isa = PBXSourcesBuildPhase;
			buildActionMask = 2147483647;
			files = (
				57D94A452A4194320014A8D6 /* ContentView.swift in Sources */,
				57D94A6E2A4194A20014A8D6 /* Home.swift in Sources */,
				57D94A432A4194320014A8D6 /* Animation_ChallengeApp.swift in Sources */,
				57D94A712A41B1030014A8D6 /* HomeViewModel.swift in Sources */,
				5779BA5E2A4A92F000499FA6 /* CustomCorners.swift in Sources */,
			);
			runOnlyForDeploymentPostprocessing = 0;
		};
		57D94A4B2A4194340014A8D6 /* Sources */ = {
			isa = PBXSourcesBuildPhase;
			buildActionMask = 2147483647;
			files = (
				57D94A542A4194340014A8D6 /* Animation_ChallengeTests.swift in Sources */,
			);
			runOnlyForDeploymentPostprocessing = 0;
		};
		57D94A552A4194340014A8D6 /* Sources */ = {
			isa = PBXSourcesBuildPhase;
			buildActionMask = 2147483647;
			files = (
				57D94A5E2A4194340014A8D6 /* Animation_ChallengeUITests.swift in Sources */,
				57D94A602A4194340014A8D6 /* Animation_ChallengeUITestsLaunchTests.swift in Sources */,
			);
			runOnlyForDeploymentPostprocessing = 0;
		};
/* End PBXSourcesBuildPhase section */

/* Begin PBXTargetDependency section */
		57D94A512A4194340014A8D6 /* PBXTargetDependency */ = {
			isa = PBXTargetDependency;
			target = 57D94A3E2A4194320014A8D6 /* Animation Challenge */;
			targetProxy = 57D94A502A4194340014A8D6 /* PBXContainerItemProxy */;
		};
		57D94A5B2A4194340014A8D6 /* PBXTargetDependency */ = {
			isa = PBXTargetDependency;
			target = 57D94A3E2A4194320014A8D6 /* Animation Challenge */;
			targetProxy = 57D94A5A2A4194340014A8D6 /* PBXContainerItemProxy */;
		};
/* End PBXTargetDependency section */

/* Begin XCBuildConfiguration section */
		57D94A612A4194340014A8D6 /* Debug */ = {
			isa = XCBuildConfiguration;
			buildSettings = {
				ALWAYS_SEARCH_USER_PATHS = NO;
				CLANG_ANALYZER_NONNULL = YES;
				CLANG_ANALYZER_NUMBER_OBJECT_CONVERSION = YES_AGGRESSIVE;
				CLANG_CXX_LANGUAGE_STANDARD = "gnu++20";
				CLANG_ENABLE_MODULES = YES;
				CLANG_ENABLE_OBJC_ARC = YES;
				CLANG_ENABLE_OBJC_WEAK = YES;
				CLANG_WARN_BLOCK_CAPTURE_AUTORELEASING = YES;
				CLANG_WARN_BOOL_CONVERSION = YES;
				CLANG_WARN_COMMA = YES;
				CLANG_WARN_CONSTANT_CONVERSION = YES;
				CLANG_WARN_DEPRECATED_OBJC_IMPLEMENTATIONS = YES;
				CLANG_WARN_DIRECT_OBJC_ISA_USAGE = YES_ERROR;
				CLANG_WARN_DOCUMENTATION_COMMENTS = YES;
				CLANG_WARN_EMPTY_BODY = YES;
				CLANG_WARN_ENUM_CONVERSION = YES;
				CLANG_WARN_INFINITE_RECURSION = YES;
				CLANG_WARN_INT_CONVERSION = YES;
				CLANG_WARN_NON_LITERAL_NULL_CONVERSION = YES;
				CLANG_WARN_OBJC_IMPLICIT_RETAIN_SELF = YES;
				CLANG_WARN_OBJC_LITERAL_CONVERSION = YES;
				CLANG_WARN_OBJC_ROOT_CLASS = YES_ERROR;
				CLANG_WARN_QUOTED_INCLUDE_IN_FRAMEWORK_HEADER = YES;
				CLANG_WARN_RANGE_LOOP_ANALYSIS = YES;
				CLANG_WARN_STRICT_PROTOTYPES = YES;
				CLANG_WARN_SUSPICIOUS_MOVE = YES;
				CLANG_WARN_UNGUARDED_AVAILABILITY = YES_AGGRESSIVE;
				CLANG_WARN_UNREACHABLE_CODE = YES;
				CLANG_WARN__DUPLICATE_METHOD_MATCH = YES;
				COPY_PHASE_STRIP = NO;
				DEBUG_INFORMATION_FORMAT = dwarf;
				ENABLE_STRICT_OBJC_MSGSEND = YES;
				ENABLE_TESTABILITY = YES;
				GCC_C_LANGUAGE_STANDARD = gnu11;
				GCC_DYNAMIC_NO_PIC = NO;
				GCC_NO_COMMON_BLOCKS = YES;
				GCC_OPTIMIZATION_LEVEL = 0;
				GCC_PREPROCESSOR_DEFINITIONS = (
					"DEBUG=1",
					"$(inherited)",
				);
				GCC_WARN_64_TO_32_BIT_CONVERSION = YES;
				GCC_WARN_ABOUT_RETURN_TYPE = YES_ERROR;
				GCC_WARN_UNDECLARED_SELECTOR = YES;
				GCC_WARN_UNINITIALIZED_AUTOS = YES_AGGRESSIVE;
				GCC_WARN_UNUSED_FUNCTION = YES;
				GCC_WARN_UNUSED_VARIABLE = YES;
				IPHONEOS_DEPLOYMENT_TARGET = 16.1;
				MTL_ENABLE_DEBUG_INFO = INCLUDE_SOURCE;
				MTL_FAST_MATH = YES;
				ONLY_ACTIVE_ARCH = YES;
				SDKROOT = iphoneos;
				SWIFT_ACTIVE_COMPILATION_CONDITIONS = DEBUG;
				SWIFT_OPTIMIZATION_LEVEL = "-Onone";
			};
			name = Debug;
		};
		57D94A622A4194340014A8D6 /* Release */ = {
			isa = XCBuildConfiguration;
			buildSettings = {
				ALWAYS_SEARCH_USER_PATHS = NO;
				CLANG_ANALYZER_NONNULL = YES;
				CLANG_ANALYZER_NUMBER_OBJECT_CONVERSION = YES_AGGRESSIVE;
				CLANG_CXX_LANGUAGE_STANDARD = "gnu++20";
				CLANG_ENABLE_MODULES = YES;
				CLANG_ENABLE_OBJC_ARC = YES;
				CLANG_ENABLE_OBJC_WEAK = YES;
				CLANG_WARN_BLOCK_CAPTURE_AUTORELEASING = YES;
				CLANG_WARN_BOOL_CONVERSION = YES;
				CLANG_WARN_COMMA = YES;
				CLANG_WARN_CONSTANT_CONVERSION = YES;
				CLANG_WARN_DEPRECATED_OBJC_IMPLEMENTATIONS = YES;
				CLANG_WARN_DIRECT_OBJC_ISA_USAGE = YES_ERROR;
				CLANG_WARN_DOCUMENTATION_COMMENTS = YES;
				CLANG_WARN_EMPTY_BODY = YES;
				CLANG_WARN_ENUM_CONVERSION = YES;
				CLANG_WARN_INFINITE_RECURSION = YES;
				CLANG_WARN_INT_CONVERSION = YES;
				CLANG_WARN_NON_LITERAL_NULL_CONVERSION = YES;
				CLANG_WARN_OBJC_IMPLICIT_RETAIN_SELF = YES;
				CLANG_WARN_OBJC_LITERAL_CONVERSION = YES;
				CLANG_WARN_OBJC_ROOT_CLASS = YES_ERROR;
				CLANG_WARN_QUOTED_INCLUDE_IN_FRAMEWORK_HEADER = YES;
				CLANG_WARN_RANGE_LOOP_ANALYSIS = YES;
				CLANG_WARN_STRICT_PROTOTYPES = YES;
				CLANG_WARN_SUSPICIOUS_MOVE = YES;
				CLANG_WARN_UNGUARDED_AVAILABILITY = YES_AGGRESSIVE;
				CLANG_WARN_UNREACHABLE_CODE = YES;
				CLANG_WARN__DUPLICATE_METHOD_MATCH = YES;
				COPY_PHASE_STRIP = NO;
				DEBUG_INFORMATION_FORMAT = "dwarf-with-dsym";
				ENABLE_NS_ASSERTIONS = NO;
				ENABLE_STRICT_OBJC_MSGSEND = YES;
				GCC_C_LANGUAGE_STANDARD = gnu11;
				GCC_NO_COMMON_BLOCKS = YES;
				GCC_WARN_64_TO_32_BIT_CONVERSION = YES;
				GCC_WARN_ABOUT_RETURN_TYPE = YES_ERROR;
				GCC_WARN_UNDECLARED_SELECTOR = YES;
				GCC_WARN_UNINITIALIZED_AUTOS = YES_AGGRESSIVE;
				GCC_WARN_UNUSED_FUNCTION = YES;
				GCC_WARN_UNUSED_VARIABLE = YES;
				IPHONEOS_DEPLOYMENT_TARGET = 16.1;
				MTL_ENABLE_DEBUG_INFO = NO;
				MTL_FAST_MATH = YES;
				SDKROOT = iphoneos;
				SWIFT_COMPILATION_MODE = wholemodule;
				SWIFT_OPTIMIZATION_LEVEL = "-O";
				VALIDATE_PRODUCT = YES;
			};
			name = Release;
		};
		57D94A642A4194340014A8D6 /* Debug */ = {
			isa = XCBuildConfiguration;
			buildSettings = {
				ASSETCATALOG_COMPILER_APPICON_NAME = AppIcon;
				ASSETCATALOG_COMPILER_GLOBAL_ACCENT_COLOR_NAME = AccentColor;
				CODE_SIGN_STYLE = Automatic;
				CURRENT_PROJECT_VERSION = 1;
				DEVELOPMENT_ASSET_PATHS = "\"Animation Challenge/Preview Content\"";
				ENABLE_PREVIEWS = YES;
				GENERATE_INFOPLIST_FILE = YES;
				INFOPLIST_KEY_UIApplicationSceneManifest_Generation = YES;
				INFOPLIST_KEY_UIApplicationSupportsIndirectInputEvents = YES;
				INFOPLIST_KEY_UILaunchScreen_Generation = YES;
				INFOPLIST_KEY_UISupportedInterfaceOrientations_iPad = "UIInterfaceOrientationPortrait UIInterfaceOrientationPortraitUpsideDown UIInterfaceOrientationLandscapeLeft UIInterfaceOrientationLandscapeRight";
				INFOPLIST_KEY_UISupportedInterfaceOrientations_iPhone = "UIInterfaceOrientationPortrait UIInterfaceOrientationLandscapeLeft UIInterfaceOrientationLandscapeRight";
				LD_RUNPATH_SEARCH_PATHS = (
					"$(inherited)",
					"@executable_path/Frameworks",
				);
				MARKETING_VERSION = 1.0;
				PRODUCT_BUNDLE_IDENTIFIER = "victor.Animation-Challenge";
				PRODUCT_NAME = "$(TARGET_NAME)";
				SWIFT_EMIT_LOC_STRINGS = YES;
				SWIFT_VERSION = 5.0;
				TARGETED_DEVICE_FAMILY = "1,2";
			};
			name = Debug;
		};
		57D94A652A4194340014A8D6 /* Release */ = {
			isa = XCBuildConfiguration;
			buildSettings = {
				ASSETCATALOG_COMPILER_APPICON_NAME = AppIcon;
				ASSETCATALOG_COMPILER_GLOBAL_ACCENT_COLOR_NAME = AccentColor;
				CODE_SIGN_STYLE = Automatic;
				CURRENT_PROJECT_VERSION = 1;
				DEVELOPMENT_ASSET_PATHS = "\"Animation Challenge/Preview Content\"";
				ENABLE_PREVIEWS = YES;
				GENERATE_INFOPLIST_FILE = YES;
				INFOPLIST_KEY_UIApplicationSceneManifest_Generation = YES;
				INFOPLIST_KEY_UIApplicationSupportsIndirectInputEvents = YES;
				INFOPLIST_KEY_UILaunchScreen_Generation = YES;
				INFOPLIST_KEY_UISupportedInterfaceOrientations_iPad = "UIInterfaceOrientationPortrait UIInterfaceOrientationPortraitUpsideDown UIInterfaceOrientationLandscapeLeft UIInterfaceOrientationLandscapeRight";
				INFOPLIST_KEY_UISupportedInterfaceOrientations_iPhone = "UIInterfaceOrientationPortrait UIInterfaceOrientationLandscapeLeft UIInterfaceOrientationLandscapeRight";
				LD_RUNPATH_SEARCH_PATHS = (
					"$(inherited)",
					"@executable_path/Frameworks",
				);
				MARKETING_VERSION = 1.0;
				PRODUCT_BUNDLE_IDENTIFIER = "victor.Animation-Challenge";
				PRODUCT_NAME = "$(TARGET_NAME)";
				SWIFT_EMIT_LOC_STRINGS = YES;
				SWIFT_VERSION = 5.0;
				TARGETED_DEVICE_FAMILY = "1,2";
			};
			name = Release;
		};
		57D94A672A4194340014A8D6 /* Debug */ = {
			isa = XCBuildConfiguration;
			buildSettings = {
				ALWAYS_EMBED_SWIFT_STANDARD_LIBRARIES = YES;
				BUNDLE_LOADER = "$(TEST_HOST)";
				CODE_SIGN_STYLE = Automatic;
				CURRENT_PROJECT_VERSION = 1;
				GENERATE_INFOPLIST_FILE = YES;
				IPHONEOS_DEPLOYMENT_TARGET = 16.1;
				MARKETING_VERSION = 1.0;
				PRODUCT_BUNDLE_IDENTIFIER = "victor.Animation-ChallengeTests";
				PRODUCT_NAME = "$(TARGET_NAME)";
				SWIFT_EMIT_LOC_STRINGS = NO;
				SWIFT_VERSION = 5.0;
				TARGETED_DEVICE_FAMILY = "1,2";
				TEST_HOST = "$(BUILT_PRODUCTS_DIR)/Animation Challenge.app/$(BUNDLE_EXECUTABLE_FOLDER_PATH)/Animation Challenge";
			};
			name = Debug;
		};
		57D94A682A4194340014A8D6 /* Release */ = {
			isa = XCBuildConfiguration;
			buildSettings = {
				ALWAYS_EMBED_SWIFT_STANDARD_LIBRARIES = YES;
				BUNDLE_LOADER = "$(TEST_HOST)";
				CODE_SIGN_STYLE = Automatic;
				CURRENT_PROJECT_VERSION = 1;
				GENERATE_INFOPLIST_FILE = YES;
				IPHONEOS_DEPLOYMENT_TARGET = 16.1;
				MARKETING_VERSION = 1.0;
				PRODUCT_BUNDLE_IDENTIFIER = "victor.Animation-ChallengeTests";
				PRODUCT_NAME = "$(TARGET_NAME)";
				SWIFT_EMIT_LOC_STRINGS = NO;
				SWIFT_VERSION = 5.0;
				TARGETED_DEVICE_FAMILY = "1,2";
				TEST_HOST = "$(BUILT_PRODUCTS_DIR)/Animation Challenge.app/$(BUNDLE_EXECUTABLE_FOLDER_PATH)/Animation Challenge";
			};
			name = Release;
		};
		57D94A6A2A4194340014A8D6 /* Debug */ = {
			isa = XCBuildConfiguration;
			buildSettings = {
				ALWAYS_EMBED_SWIFT_STANDARD_LIBRARIES = YES;
				CODE_SIGN_STYLE = Automatic;
				CURRENT_PROJECT_VERSION = 1;
				GENERATE_INFOPLIST_FILE = YES;
				MARKETING_VERSION = 1.0;
				PRODUCT_BUNDLE_IDENTIFIER = "victor.Animation-ChallengeUITests";
				PRODUCT_NAME = "$(TARGET_NAME)";
				SWIFT_EMIT_LOC_STRINGS = NO;
				SWIFT_VERSION = 5.0;
				TARGETED_DEVICE_FAMILY = "1,2";
				TEST_TARGET_NAME = "Animation Challenge";
			};
			name = Debug;
		};
		57D94A6B2A4194340014A8D6 /* Release */ = {
			isa = XCBuildConfiguration;
			buildSettings = {
				ALWAYS_EMBED_SWIFT_STANDARD_LIBRARIES = YES;
				CODE_SIGN_STYLE = Automatic;
				CURRENT_PROJECT_VERSION = 1;
				GENERATE_INFOPLIST_FILE = YES;
				MARKETING_VERSION = 1.0;
				PRODUCT_BUNDLE_IDENTIFIER = "victor.Animation-ChallengeUITests";
				PRODUCT_NAME = "$(TARGET_NAME)";
				SWIFT_EMIT_LOC_STRINGS = NO;
				SWIFT_VERSION = 5.0;
				TARGETED_DEVICE_FAMILY = "1,2";
				TEST_TARGET_NAME = "Animation Challenge";
			};
			name = Release;
		};
/* End XCBuildConfiguration section */

/* Begin XCConfigurationList section */
		57D94A3A2A4194320014A8D6 /* Build configuration list for PBXProject "Animation Challenge" */ = {
			isa = XCConfigurationList;
			buildConfigurations = (
				57D94A612A4194340014A8D6 /* Debug */,
				57D94A622A4194340014A8D6 /* Release */,
			);
			defaultConfigurationIsVisible = 0;
			defaultConfigurationName = Release;
		};
		57D94A632A4194340014A8D6 /* Build configuration list for PBXNativeTarget "Animation Challenge" */ = {
			isa = XCConfigurationList;
			buildConfigurations = (
				57D94A642A4194340014A8D6 /* Debug */,
				57D94A652A4194340014A8D6 /* Release */,
			);
			defaultConfigurationIsVisible = 0;
			defaultConfigurationName = Release;
		};
		57D94A662A4194340014A8D6 /* Build configuration list for PBXNativeTarget "Animation ChallengeTests" */ = {
			isa = XCConfigurationList;
			buildConfigurations = (
				57D94A672A4194340014A8D6 /* Debug */,
				57D94A682A4194340014A8D6 /* Release */,
			);
			defaultConfigurationIsVisible = 0;
			defaultConfigurationName = Release;
		};
		57D94A692A4194340014A8D6 /* Build configuration list for PBXNativeTarget "Animation ChallengeUITests" */ = {
			isa = XCConfigurationList;
			buildConfigurations = (
				57D94A6A2A4194340014A8D6 /* Debug */,
				57D94A6B2A4194340014A8D6 /* Release */,
			);
			defaultConfigurationIsVisible = 0;
			defaultConfigurationName = Release;
		};
/* End XCConfigurationList section */
	};
	rootObject = 57D94A372A4194320014A8D6 /* Project object */;
}
